<?xml version="1.0" encoding="utf-8"?>
<Project ToolsVersion="4.0" xmlns="http://schemas.microsoft.com/developer/msbuild/2003">
  <ItemGroup>
    <Filter Include="Source Files">
      <UniqueIdentifier>{4FC737F1-C7A5-4376-A066-2A32D752A2FF}</UniqueIdentifier>
      <Extensions>cpp;cxx;c;def</Extensions>
    </Filter>
    <Filter Include="Header Files">
      <UniqueIdentifier>{93995380-89BD-4b04-88EB-625FBE52EBFB}</UniqueIdentifier>
      <Extensions>h</Extensions>
    </Filter>
    <Filter Include="Form Files">
      <UniqueIdentifier>{99349809-55BA-4b9d-BF79-8FDBB0286EB3}</UniqueIdentifier>
      <Extensions>ui</Extensions>
    </Filter>
    <Filter Include="Resource Files">
      <UniqueIdentifier>{D9D6E242-F8AF-46E4-B9FD-80ECBC20BA3E}</UniqueIdentifier>
      <Extensions>qrc;*</Extensions>
      <ParseFiles>false</ParseFiles>
    </Filter>
    <Filter Include="Generated Files">
      <UniqueIdentifier>{71ED8ED8-ACB9-4CE9-BBE1-E00B30144E11}</UniqueIdentifier>
      <Extensions>moc;h;cpp</Extensions>
      <SourceControlFiles>False</SourceControlFiles>
    </Filter>
    <Filter Include="Generated Files\Debug">
      <UniqueIdentifier>{2cbf1cb9-1130-4b6a-8136-bcd83f776e88}</UniqueIdentifier>
      <Extensions>cpp;moc</Extensions>
      <SourceControlFiles>False</SourceControlFiles>
    </Filter>
    <Filter Include="Generated Files\Release">
      <UniqueIdentifier>{63f97956-a096-4a71-9628-0b2b73ea59fc}</UniqueIdentifier>
      <Extensions>cpp;moc</Extensions>
      <SourceControlFiles>False</SourceControlFiles>
    </Filter>
    <Filter Include="Source Files\StructFile">
      <UniqueIdentifier>{3e61f636-66c5-4f1e-a51e-2d418e5641aa}</UniqueIdentifier>
    </Filter>
    <Filter Include="Header Files\StructFile">
      <UniqueIdentifier>{9bd0be7d-1a29-491f-b463-04d4214bd420}</UniqueIdentifier>
    </Filter>
  </ItemGroup>
  <ItemGroup>
    <ClCompile Include="main.cpp">
      <Filter>Source Files</Filter>
    </ClCompile>
    <ClCompile Include="chatroomserver.cpp">
      <Filter>Source Files</Filter>
    </ClCompile>
    <ClCompile Include="GeneratedFiles\Debug\moc_chatroomserver.cpp">
      <Filter>Generated Files\Debug</Filter>
    </ClCompile>
    <ClCompile Include="GeneratedFiles\Release\moc_chatroomserver.cpp">
      <Filter>Generated Files\Release</Filter>
    </ClCompile>
    <ClCompile Include="GeneratedFiles\qrc_chatroomserver.cpp">
      <Filter>Generated Files</Filter>
    </ClCompile>
    <ClCompile Include="TcpServer.cpp">
      <Filter>Source Files</Filter>
    </ClCompile>
    <ClCompile Include="GeneratedFiles\Debug\moc_TcpServer.cpp">
      <Filter>Generated Files\Debug</Filter>
    </ClCompile>
    <ClCompile Include="GeneratedFiles\Release\moc_TcpServer.cpp">
      <Filter>Generated Files\Release</Filter>
    </ClCompile>
    <ClCompile Include="GeneratedFiles\Debug\moc_TcpClientSocket.cpp">
      <Filter>Generated Files\Debug</Filter>
    </ClCompile>
    <ClCompile Include="GeneratedFiles\Release\moc_TcpClientSocket.cpp">
      <Filter>Generated Files\Release</Filter>
    </ClCompile>
    <ClCompile Include="TcpClientSocket.cpp">
      <Filter>Source Files</Filter>
    </ClCompile>
    <ClCompile Include="ClientUser.cpp">
      <Filter>Source Files\StructFile</Filter>
    </ClCompile>
    <ClCompile Include="TcpGroup.cpp">
      <Filter>Source Files\StructFile</Filter>
    </ClCompile>
    <ClCompile Include="TcpUser.cpp">
      <Filter>Source Files\StructFile</Filter>
    </ClCompile>
  </ItemGroup>
  <ItemGroup>
    <CustomBuild Include="chatroomserver.h">
      <Filter>Header Files</Filter>
    </CustomBuild>
    <CustomBuild Include="chatroomserver.ui">
      <Filter>Form Files</Filter>
    </CustomBuild>
    <CustomBuild Include="chatroomserver.qrc">
      <Filter>Resource Files</Filter>
    </CustomBuild>
    <CustomBuild Include="TcpServer.h">
      <Filter>Header Files</Filter>
    </CustomBuild>
    <CustomBuild Include="TcpClientSocket.h">
      <Filter>Header Files</Filter>
    </CustomBuild>
  </ItemGroup>
  <ItemGroup>
    <ClInclude Include="GeneratedFiles\ui_chatroomserver.h">
      <Filter>Generated Files</Filter>
    </ClInclude>
    <ClInclude Include="ClientUser.h">
      <Filter>Header Files\StructFile</Filter>
    </ClInclude>
    <ClInclude Include="TcpGroup.h">
      <Filter>Header Files\StructFile</Filter>
    </ClInclude>
    <ClInclude Include="TcpUser.h">
      <Filter>Header Files\StructFile</Filter>
    </ClInclude>
    <ClInclude Include="chatCMD.h">
      <Filter>Header Files</Filter>
    </ClInclude>
  </ItemGroup>
</Project>